
Microsoft Visual Studio Solution File, Format Version 12.00
# Visual Studio Version 17
VisualStudioVersion = 17.0.31919.166
MinimumVisualStudioVersion = 10.0.40219.1
Project("{9A19103F-16F7-4668-BE54-9A1E7A4F7556}") = "StringWorker.Tests", "StringWorker.Tests\StringWorker.Tests.csproj", "{B5A3DA2D-9463-47E5-8B9C-5E6450563E31}"
EndProject
Project("{FAE04EC0-301F-11D3-BF4B-00C04F79EFBC}") = "StringConverter.Tests", "StringConverter.Tests\StringConverter.Tests.csproj", "{DD913DDC-BAFD-4DEB-B25A-83EF38D6F6E7}"
EndProject
Global
	GlobalSection(SolutionConfigurationPlatforms) = preSolution
		Debug|Any CPU = Debug|Any CPU
		Release|Any CPU = Release|Any CPU
	EndGlobalSection
	GlobalSection(ProjectConfigurationPlatforms) = postSolution
		{B5A3DA2D-9463-47E5-8B9C-5E6450563E31}.Debug|Any CPU.ActiveCfg = Debug|Any CPU
		{B5A3DA2D-9463-47E5-8B9C-5E6450563E31}.Debug|Any CPU.Build.0 = Debug|Any CPU
		{B5A3DA2D-9463-47E5-8B9C-5E6450563E31}.Release|Any CPU.ActiveCfg = Release|Any CPU
		{B5A3DA2D-9463-47E5-8B9C-5E6450563E31}.Release|Any CPU.Build.0 = Release|Any CPU
		{DD913DDC-BAFD-4DEB-B25A-83EF38D6F6E7}.Debug|Any CPU.ActiveCfg = Debug|Any CPU
		{DD913DDC-BAFD-4DEB-B25A-83EF38D6F6E7}.Debug|Any CPU.Build.0 = Debug|Any CPU
		{DD913DDC-BAFD-4DEB-B25A-83EF38D6F6E7}.Release|Any CPU.ActiveCfg = Release|Any CPU
		{DD913DDC-BAFD-4DEB-B25A-83EF38D6F6E7}.Release|Any CPU.Build.0 = Release|Any CPU
	EndGlobalSection
	GlobalSection(SolutionProperties) = preSolution
		HideSolutionNode = FALSE
	EndGlobalSection
	GlobalSection(ExtensibilityGlobals) = postSolution
		SolutionGuid = {5013F74C-E29A-47B9-9916-28AC7F1416E9}
	EndGlobalSection
EndGlobal
